
Microsoft Visual Studio Solution File, Format Version 12.00
# Visual Studio 2013
VisualStudioVersion = 12.0.21005.1
MinimumVisualStudioVersion = 10.0.40219.1
Project("{FAE04EC0-301F-11D3-BF4B-00C04F79EFBC}") = "MY.PIM.Services", "MY.PIM.Services\MY.PIM.Services.csproj", "{3AC57C3B-8037-4CD5-B944-C59E90F2C3FA}"
EndProject
Project("{FAE04EC0-301F-11D3-BF4B-00C04F79EFBC}") = "MY.PIM.BE", "MY.PIM.BE\MY.PIM.BE.csproj", "{37E054CB-9FC6-4F1A-8BB8-D8BAC97E3FF4}"
EndProject
Project("{FAE04EC0-301F-11D3-BF4B-00C04F79EFBC}") = "MY.PIM.BUSINESSMANAGER", "MY.PIM.BUSINESSMANAGER\MY.PIM.BUSINESSMANAGER.csproj", "{28808BAF-1EEA-4EA1-8735-7E0DE92957DE}"
EndProject
Project("{FAE04EC0-301F-11D3-BF4B-00C04F79EFBC}") = "MY.PIM.ENTITYMODEL", "MY.PIM.ENTITYMODEL\MY.PIM.ENTITYMODEL.csproj", "{986DF4BA-B631-4984-95A3-242503AF059F}"
EndProject
Project("{FAE04EC0-301F-11D3-BF4B-00C04F79EFBC}") = "MY.PIM.UIP", "MY.PIM.UIP\MY.PIM.UIP.csproj", "{95C0D8F4-24F8-411B-8EB2-137EE97C7E06}"
EndProject
Project("{FAE04EC0-301F-11D3-BF4B-00C04F79EFBC}") = "PIMWeb", "PIMWeb\PIMWeb.csproj", "{96918B94-77C7-4DAE-BBAD-BD67606C7A37}"
EndProject
Project("{FAE04EC0-301F-11D3-BF4B-00C04F79EFBC}") = "TestConsole", "TestConsole\TestConsole.csproj", "{339A357B-A485-4E24-A89A-FED153728407}"
EndProject
Global
	GlobalSection(SolutionConfigurationPlatforms) = preSolution
		Debug|Any CPU = Debug|Any CPU
		Release|Any CPU = Release|Any CPU
	EndGlobalSection
	GlobalSection(ProjectConfigurationPlatforms) = postSolution
		{3AC57C3B-8037-4CD5-B944-C59E90F2C3FA}.Debug|Any CPU.ActiveCfg = Debug|Any CPU
		{3AC57C3B-8037-4CD5-B944-C59E90F2C3FA}.Debug|Any CPU.Build.0 = Debug|Any CPU
		{3AC57C3B-8037-4CD5-B944-C59E90F2C3FA}.Release|Any CPU.ActiveCfg = Release|Any CPU
		{3AC57C3B-8037-4CD5-B944-C59E90F2C3FA}.Release|Any CPU.Build.0 = Release|Any CPU
		{37E054CB-9FC6-4F1A-8BB8-D8BAC97E3FF4}.Debug|Any CPU.ActiveCfg = Debug|Any CPU
		{37E054CB-9FC6-4F1A-8BB8-D8BAC97E3FF4}.Debug|Any CPU.Build.0 = Debug|Any CPU
		{37E054CB-9FC6-4F1A-8BB8-D8BAC97E3FF4}.Release|Any CPU.ActiveCfg = Release|Any CPU
		{37E054CB-9FC6-4F1A-8BB8-D8BAC97E3FF4}.Release|Any CPU.Build.0 = Release|Any CPU
		{28808BAF-1EEA-4EA1-8735-7E0DE92957DE}.Debug|Any CPU.ActiveCfg = Debug|Any CPU
		{28808BAF-1EEA-4EA1-8735-7E0DE92957DE}.Debug|Any CPU.Build.0 = Debug|Any CPU
		{28808BAF-1EEA-4EA1-8735-7E0DE92957DE}.Release|Any CPU.ActiveCfg = Release|Any CPU
		{28808BAF-1EEA-4EA1-8735-7E0DE92957DE}.Release|Any CPU.Build.0 = Release|Any CPU
		{986DF4BA-B631-4984-95A3-242503AF059F}.Debug|Any CPU.ActiveCfg = Debug|Any CPU
		{986DF4BA-B631-4984-95A3-242503AF059F}.Debug|Any CPU.Build.0 = Debug|Any CPU
		{986DF4BA-B631-4984-95A3-242503AF059F}.Release|Any CPU.ActiveCfg = Release|Any CPU
		{986DF4BA-B631-4984-95A3-242503AF059F}.Release|Any CPU.Build.0 = Release|Any CPU
		{95C0D8F4-24F8-411B-8EB2-137EE97C7E06}.Debug|Any CPU.ActiveCfg = Debug|Any CPU
		{95C0D8F4-24F8-411B-8EB2-137EE97C7E06}.Debug|Any CPU.Build.0 = Debug|Any CPU
		{95C0D8F4-24F8-411B-8EB2-137EE97C7E06}.Release|Any CPU.ActiveCfg = Release|Any CPU
		{95C0D8F4-24F8-411B-8EB2-137EE97C7E06}.Release|Any CPU.Build.0 = Release|Any CPU
		{96918B94-77C7-4DAE-BBAD-BD67606C7A37}.Debug|Any CPU.ActiveCfg = Debug|Any CPU
		{96918B94-77C7-4DAE-BBAD-BD67606C7A37}.Debug|Any CPU.Build.0 = Debug|Any CPU
		{96918B94-77C7-4DAE-BBAD-BD67606C7A37}.Release|Any CPU.ActiveCfg = Release|Any CPU
		{96918B94-77C7-4DAE-BBAD-BD67606C7A37}.Release|Any CPU.Build.0 = Release|Any CPU
		{339A357B-A485-4E24-A89A-FED153728407}.Debug|Any CPU.ActiveCfg = Debug|Any CPU
		{339A357B-A485-4E24-A89A-FED153728407}.Debug|Any CPU.Build.0 = Debug|Any CPU
		{339A357B-A485-4E24-A89A-FED153728407}.Release|Any CPU.ActiveCfg = Release|Any CPU
		{339A357B-A485-4E24-A89A-FED153728407}.Release|Any CPU.Build.0 = Release|Any CPU
	EndGlobalSection
	GlobalSection(SolutionProperties) = preSolution
		HideSolutionNode = FALSE
	EndGlobalSection
EndGlobal
